
Microsoft Visual Studio Solution File, Format Version 12.00
# Visual Studio Version 17
VisualStudioVersion = 17.13.35931.197 d17.13
MinimumVisualStudioVersion = 10.0.40219.1
Project("{FAE04EC0-301F-11D3-BF4B-00C04F79EFBC}") = "SimpleFactory", "Patterns\SimpleFactory.csproj", "{782C7BE5-9EA6-44AF-870B-8E5373173D13}"
EndProject
Project("{FAE04EC0-301F-11D3-BF4B-00C04F79EFBC}") = "AbstractFactory", "AbstractFactory\AbstractFactory.csproj", "{298657D3-C50D-4578-BCDD-5F8229FBC3F0}"
EndProject
Project("{FAE04EC0-301F-11D3-BF4B-00C04F79EFBC}") = "FactoryMethod", "FactoryMethod\FactoryMethod.csproj", "{8E6BE448-CBA3-4E98-931E-122C9CB8F0A5}"
EndProject
Project("{FAE04EC0-301F-11D3-BF4B-00C04F79EFBC}") = "Builder", "Builder\Builder.csproj", "{29606CAD-1A55-4797-BBF3-3A0BDF5F01B3}"
EndProject
Project("{FAE04EC0-301F-11D3-BF4B-00C04F79EFBC}") = "Singleton", "Singleton\Singleton.csproj", "{CE030860-DCB6-4C81-8C9C-8AC28442C2DD}"
EndProject
Project("{FAE04EC0-301F-11D3-BF4B-00C04F79EFBC}") = "Facade", "Facade\Facade.csproj", "{BB8A7877-F34E-418F-9157-AFDAA2007262}"
EndProject
Project("{FAE04EC0-301F-11D3-BF4B-00C04F79EFBC}") = "Decorator", "Decorator\Decorator.csproj", "{4A242523-BF01-43FE-B053-EC207F693BE5}"
EndProject
Global
	GlobalSection(SolutionConfigurationPlatforms) = preSolution
		Debug|Any CPU = Debug|Any CPU
		Release|Any CPU = Release|Any CPU
	EndGlobalSection
	GlobalSection(ProjectConfigurationPlatforms) = postSolution
		{782C7BE5-9EA6-44AF-870B-8E5373173D13}.Debug|Any CPU.ActiveCfg = Debug|Any CPU
		{782C7BE5-9EA6-44AF-870B-8E5373173D13}.Debug|Any CPU.Build.0 = Debug|Any CPU
		{782C7BE5-9EA6-44AF-870B-8E5373173D13}.Release|Any CPU.ActiveCfg = Release|Any CPU
		{782C7BE5-9EA6-44AF-870B-8E5373173D13}.Release|Any CPU.Build.0 = Release|Any CPU
		{298657D3-C50D-4578-BCDD-5F8229FBC3F0}.Debug|Any CPU.ActiveCfg = Debug|Any CPU
		{298657D3-C50D-4578-BCDD-5F8229FBC3F0}.Debug|Any CPU.Build.0 = Debug|Any CPU
		{298657D3-C50D-4578-BCDD-5F8229FBC3F0}.Release|Any CPU.ActiveCfg = Release|Any CPU
		{298657D3-C50D-4578-BCDD-5F8229FBC3F0}.Release|Any CPU.Build.0 = Release|Any CPU
		{8E6BE448-CBA3-4E98-931E-122C9CB8F0A5}.Debug|Any CPU.ActiveCfg = Debug|Any CPU
		{8E6BE448-CBA3-4E98-931E-122C9CB8F0A5}.Debug|Any CPU.Build.0 = Debug|Any CPU
		{8E6BE448-CBA3-4E98-931E-122C9CB8F0A5}.Release|Any CPU.ActiveCfg = Release|Any CPU
		{8E6BE448-CBA3-4E98-931E-122C9CB8F0A5}.Release|Any CPU.Build.0 = Release|Any CPU
		{29606CAD-1A55-4797-BBF3-3A0BDF5F01B3}.Debug|Any CPU.ActiveCfg = Debug|Any CPU
		{29606CAD-1A55-4797-BBF3-3A0BDF5F01B3}.Debug|Any CPU.Build.0 = Debug|Any CPU
		{29606CAD-1A55-4797-BBF3-3A0BDF5F01B3}.Release|Any CPU.ActiveCfg = Release|Any CPU
		{29606CAD-1A55-4797-BBF3-3A0BDF5F01B3}.Release|Any CPU.Build.0 = Release|Any CPU
		{CE030860-DCB6-4C81-8C9C-8AC28442C2DD}.Debug|Any CPU.ActiveCfg = Debug|Any CPU
		{CE030860-DCB6-4C81-8C9C-8AC28442C2DD}.Debug|Any CPU.Build.0 = Debug|Any CPU
		{CE030860-DCB6-4C81-8C9C-8AC28442C2DD}.Release|Any CPU.ActiveCfg = Release|Any CPU
		{CE030860-DCB6-4C81-8C9C-8AC28442C2DD}.Release|Any CPU.Build.0 = Release|Any CPU
		{BB8A7877-F34E-418F-9157-AFDAA2007262}.Debug|Any CPU.ActiveCfg = Debug|Any CPU
		{BB8A7877-F34E-418F-9157-AFDAA2007262}.Debug|Any CPU.Build.0 = Debug|Any CPU
		{BB8A7877-F34E-418F-9157-AFDAA2007262}.Release|Any CPU.ActiveCfg = Release|Any CPU
		{BB8A7877-F34E-418F-9157-AFDAA2007262}.Release|Any CPU.Build.0 = Release|Any CPU
		{4A242523-BF01-43FE-B053-EC207F693BE5}.Debug|Any CPU.ActiveCfg = Debug|Any CPU
		{4A242523-BF01-43FE-B053-EC207F693BE5}.Debug|Any CPU.Build.0 = Debug|Any CPU
		{4A242523-BF01-43FE-B053-EC207F693BE5}.Release|Any CPU.ActiveCfg = Release|Any CPU
		{4A242523-BF01-43FE-B053-EC207F693BE5}.Release|Any CPU.Build.0 = Release|Any CPU
	EndGlobalSection
	GlobalSection(SolutionProperties) = preSolution
		HideSolutionNode = FALSE
	EndGlobalSection
	GlobalSection(ExtensibilityGlobals) = postSolution
		SolutionGuid = {AA040FB2-D47F-4E4B-B446-C517088523BB}
	EndGlobalSection
EndGlobal
